// !$*UTF8*$!
{
	archiveVersion = 1;
	classes = {
	};
	objectVersion = 50;
	objects = {

/* Begin PBXBuildFile section */
		EE06258626DA2B7600FCF3DB /* AppDelegate.swift in Sources */ = {isa = PBXBuildFile; fileRef = EE06258526DA2B7600FCF3DB /* AppDelegate.swift */; };
		EE06258826DA2B7600FCF3DB /* SceneDelegate.swift in Sources */ = {isa = PBXBuildFile; fileRef = EE06258726DA2B7600FCF3DB /* SceneDelegate.swift */; };
		EE06258A26DA2B7600FCF3DB /* ViewController.swift in Sources */ = {isa = PBXBuildFile; fileRef = EE06258926DA2B7600FCF3DB /* ViewController.swift */; };
		EE06258D26DA2B7600FCF3DB /* Main.storyboard in Resources */ = {isa = PBXBuildFile; fileRef = EE06258B26DA2B7600FCF3DB /* Main.storyboard */; };
		EE06258F26DA2B7700FCF3DB /* Assets.xcassets in Resources */ = {isa = PBXBuildFile; fileRef = EE06258E26DA2B7700FCF3DB /* Assets.xcassets */; };
		EE06259226DA2B7700FCF3DB /* LaunchScreen.storyboard in Resources */ = {isa = PBXBuildFile; fileRef = EE06259026DA2B7700FCF3DB /* LaunchScreen.storyboard */; };
		EE06259A26DA2CD900FCF3DB /* cell.swift in Sources */ = {isa = PBXBuildFile; fileRef = EE06259926DA2CD900FCF3DB /* cell.swift */; };
		EE06259C26DA3DF600FCF3DB /* model.swift in Sources */ = {isa = PBXBuildFile; fileRef = EE06259B26DA3DF600FCF3DB /* model.swift */; };
/* End PBXBuildFile section */

/* Begin PBXFileReference section */
		EE06258226DA2B7600FCF3DB /* checkbox.app */ = {isa = PBXFileReference; explicitFileType = wrapper.application; includeInIndex = 0; path = checkbox.app; sourceTree = BUILT_PRODUCTS_DIR; };
		EE06258526DA2B7600FCF3DB /* AppDelegate.swift */ = {isa = PBXFileReference; lastKnownFileType = sourcecode.swift; path = AppDelegate.swift; sourceTree = "<group>"; };
		EE06258726DA2B7600FCF3DB /* SceneDelegate.swift */ = {isa = PBXFileReference; lastKnownFileType = sourcecode.swift; path = SceneDelegate.swift; sourceTree = "<group>"; };
		EE06258926DA2B7600FCF3DB /* ViewController.swift */ = {isa = PBXFileReference; lastKnownFileType = sourcecode.swift; path = ViewController.swift; sourceTree = "<group>"; };
		EE06258C26DA2B7600FCF3DB /* Base */ = {isa = PBXFileReference; lastKnownFileType = file.storyboard; name = Base; path = Base.lproj/Main.storyboard; sourceTree = "<group>"; };
		EE06258E26DA2B7700FCF3DB /* Assets.xcassets */ = {isa = PBXFileReference; lastKnownFileType = folder.assetcatalog; path = Assets.xcassets; sourceTree = "<group>"; };
		EE06259126DA2B7700FCF3DB /* Base */ = {isa = PBXFileReference; lastKnownFileType = file.storyboard; name = Base; path = Base.lproj/LaunchScreen.storyboard; sourceTree = "<group>"; };
		EE06259326DA2B7700FCF3DB /* Info.plist */ = {isa = PBXFileReference; lastKnownFileType = text.plist.xml; path = Info.plist; sourceTree = "<group>"; };
		EE06259926DA2CD900FCF3DB /* cell.swift */ = {isa = PBXFileReference; lastKnownFileType = sourcecode.swift; path = cell.swift; sourceTree = "<group>"; };
		EE06259B26DA3DF600FCF3DB /* model.swift */ = {isa = PBXFileReference; lastKnownFileType = sourcecode.swift; path = model.swift; sourceTree = "<group>"; };
/* End PBXFileReference section */

/* Begin PBXFrameworksBuildPhase section */
		EE06257F26DA2B7600FCF3DB /* Frameworks */ = {
			isa = PBXFrameworksBuildPhase;
			buildActionMask = 2147483647;
			files = (
			);
			runOnlyForDeploymentPostprocessing = 0;
		};
/* End PBXFrameworksBuildPhase section */

/* Begin PBXGroup section */
		EE06257926DA2B7600FCF3DB = {
			isa = PBXGroup;
			children = (
				EE06258426DA2B7600FCF3DB /* checkbox */,
				EE06258326DA2B7600FCF3DB /* Products */,
			);
			sourceTree = "<group>";
		};
		EE06258326DA2B7600FCF3DB /* Products */ = {
			isa = PBXGroup;
			children = (
				EE06258226DA2B7600FCF3DB /* checkbox.app */,
			);
			name = Products;
			sourceTree = "<group>";
		};
		EE06258426DA2B7600FCF3DB /* checkbox */ = {
			isa = PBXGroup;
			children = (
				EE06258526DA2B7600FCF3DB /* AppDelegate.swift */,
				EE06258726DA2B7600FCF3DB /* SceneDelegate.swift */,
				EE06258926DA2B7600FCF3DB /* ViewController.swift */,
				EE06259B26DA3DF600FCF3DB /* model.swift */,
				EE06259926DA2CD900FCF3DB /* cell.swift */,
				EE06258B26DA2B7600FCF3DB /* Main.storyboard */,
				EE06258E26DA2B7700FCF3DB /* Assets.xcassets */,
				EE06259026DA2B7700FCF3DB /* LaunchScreen.storyboard */,
				EE06259326DA2B7700FCF3DB /* Info.plist */,
			);
			path = checkbox;
			sourceTree = "<group>";
		};
/* End PBXGroup section */

/* Begin PBXNativeTarget section */
		EE06258126DA2B7600FCF3DB /* checkbox */ = {
			isa = PBXNativeTarget;
			buildConfigurationList = EE06259626DA2B7700FCF3DB /* Build configuration list for PBXNativeTarget "checkbox" */;
			buildPhases = (
				EE06257E26DA2B7600FCF3DB /* Sources */,
				EE06257F26DA2B7600FCF3DB /* Frameworks */,
				EE06258026DA2B7600FCF3DB /* Resources */,
			);
			buildRules = (
			);
			dependencies = (
			);
			name = checkbox;
			productName = checkbox;
			productReference = EE06258226DA2B7600FCF3DB /* checkbox.app */;
			productType = "com.apple.product-type.application";
		};
/* End PBXNativeTarget section */

/* Begin PBXProject section */
		EE06257A26DA2B7600FCF3DB /* Project object */ = {
			isa = PBXProject;
			attributes = {
				LastSwiftUpdateCheck = 1250;
				LastUpgradeCheck = 1250;
				TargetAttributes = {
					EE06258126DA2B7600FCF3DB = {
						CreatedOnToolsVersion = 12.5.1;
					};
				};
			};
			buildConfigurationList = EE06257D26DA2B7600FCF3DB /* Build configuration list for PBXProject "checkbox" */;
			compatibilityVersion = "Xcode 9.3";
			developmentRegion = en;
			hasScannedForEncodings = 0;
			knownRegions = (
				en,
				Base,
			);
			mainGroup = EE06257926DA2B7600FCF3DB;
			productRefGroup = EE06258326DA2B7600FCF3DB /* Products */;
			projectDirPath = "";
			projectRoot = "";
			targets = (
				EE06258126DA2B7600FCF3DB /* checkbox */,
			);
		};
/* End PBXProject section */

/* Begin PBXResourcesBuildPhase section */
		EE06258026DA2B7600FCF3DB /* Resources */ = {
			isa = PBXResourcesBuildPhase;
			buildActionMask = 2147483647;
			files = (
				EE06259226DA2B7700FCF3DB /* LaunchScreen.storyboard in Resources */,
				EE06258F26DA2B7700FCF3DB /* Assets.xcassets in Resources */,
				EE06258D26DA2B7600FCF3DB /* Main.storyboard in Resources */,
			);
			runOnlyForDeploymentPostprocessing = 0;
		};
/* End PBXResourcesBuildPhase section */

/* Begin PBXSourcesBuildPhase section */
		EE06257E26DA2B7600FCF3DB /* Sources */ = {
			isa = PBXSourcesBuildPhase;
			buildActionMask = 2147483647;
			files = (
				EE06259C26DA3DF600FCF3DB /* model.swift in Sources */,
				EE06258A26DA2B7600FCF3DB /* ViewController.swift in Sources */,
				EE06259A26DA2CD900FCF3DB /* cell.swift in Sources */,
				EE06258626DA2B7600FCF3DB /* AppDelegate.swift in Sources */,
				EE06258826DA2B7600FCF3DB /* SceneDelegate.swift in Sources */,
			);
			runOnlyForDeploymentPostprocessing = 0;
		};
/* End PBXSourcesBuildPhase section */

/* Begin PBXVariantGroup section */
		EE06258B26DA2B7600FCF3DB /* Main.storyboard */ = {
			isa = PBXVariantGroup;
			children = (
				EE06258C26DA2B7600FCF3DB /* Base */,
			);
			name = Main.storyboard;
			sourceTree = "<group>";
		};
		EE06259026DA2B7700FCF3DB /* LaunchScreen.storyboard */ = {
			isa = PBXVariantGroup;
			children = (
				EE06259126DA2B7700FCF3DB /* Base */,
			);
			name = LaunchScreen.storyboard;
			sourceTree = "<group>";
		};
/* End PBXVariantGroup section */

/* Begin XCBuildConfiguration section */
		EE06259426DA2B7700FCF3DB /* Debug */ = {
			isa = XCBuildConfiguration;
			buildSettings = {
				ALWAYS_SEARCH_USER_PATHS = NO;
				CLANG_ANALYZER_NONNULL = YES;
				CLANG_ANALYZER_NUMBER_OBJECT_CONVERSION = YES_AGGRESSIVE;
				CLANG_CXX_LANGUAGE_STANDARD = "gnu++14";
				CLANG_CXX_LIBRARY = "libc++";
				CLANG_ENABLE_MODULES = YES;
				CLANG_ENABLE_OBJC_ARC = YES;
				CLANG_ENABLE_OBJC_WEAK = YES;
				CLANG_WARN_BLOCK_CAPTURE_AUTORELEASING = YES;
				CLANG_WARN_BOOL_CONVERSION = YES;
				CLANG_WARN_COMMA = YES;
				CLANG_WARN_CONSTANT_CONVERSION = YES;
				CLANG_WARN_DEPRECATED_OBJC_IMPLEMENTATIONS = YES;
				CLANG_WARN_DIRECT_OBJC_ISA_USAGE = YES_ERROR;
				CLANG_WARN_DOCUMENTATION_COMMENTS = YES;
				CLANG_WARN_EMPTY_BODY = YES;
				CLANG_WARN_ENUM_CONVERSION = YES;
				CLANG_WARN_INFINITE_RECURSION = YES;
				CLANG_WARN_INT_CONVERSION = YES;
				CLANG_WARN_NON_LITERAL_NULL_CONVERSION = YES;
				CLANG_WARN_OBJC_IMPLICIT_RETAIN_SELF = YES;
				CLANG_WARN_OBJC_LITERAL_CONVERSION = YES;
				CLANG_WARN_OBJC_ROOT_CLASS = YES_ERROR;
				CLANG_WARN_QUOTED_INCLUDE_IN_FRAMEWORK_HEADER = YES;
				CLANG_WARN_RANGE_LOOP_ANALYSIS = YES;
				CLANG_WARN_STRICT_PROTOTYPES = YES;
				CLANG_WARN_SUSPICIOUS_MOVE = YES;
				CLANG_WARN_UNGUARDED_AVAILABILITY = YES_AGGRESSIVE;
				CLANG_WARN_UNREACHABLE_CODE = YES;
				CLANG_WARN__DUPLICATE_METHOD_MATCH = YES;
				COPY_PHASE_STRIP = NO;
				DEBUG_INFORMATION_FORMAT = dwarf;
				ENABLE_STRICT_OBJC_MSGSEND = YES;
				ENABLE_TESTABILITY = YES;
				GCC_C_LANGUAGE_STANDARD = gnu11;
				GCC_DYNAMIC_NO_PIC = NO;
				GCC_NO_COMMON_BLOCKS = YES;
				GCC_OPTIMIZATION_LEVEL = 0;
				GCC_PREPROCESSOR_DEFINITIONS = (
					"DEBUG=1",
					"$(inherited)",
				);
				GCC_WARN_64_TO_32_BIT_CONVERSION = YES;
				GCC_WARN_ABOUT_RETURN_TYPE = YES_ERROR;
				GCC_WARN_UNDECLARED_SELECTOR = YES;
				GCC_WARN_UNINITIALIZED_AUTOS = YES_AGGRESSIVE;
				GCC_WARN_UNUSED_FUNCTION = YES;
				GCC_WARN_UNUSED_VARIABLE = YES;
				IPHONEOS_DEPLOYMENT_TARGET = 14.5;
				MTL_ENABLE_DEBUG_INFO = INCLUDE_SOURCE;
				MTL_FAST_MATH = YES;
				ONLY_ACTIVE_ARCH = YES;
				SDKROOT = iphoneos;
				SWIFT_ACTIVE_COMPILATION_CONDITIONS = DEBUG;
				SWIFT_OPTIMIZATION_LEVEL = "-Onone";
			};
			name = Debug;
		};
		EE06259526DA2B7700FCF3DB /* Release */ = {
			isa = XCBuildConfiguration;
			buildSettings = {
				ALWAYS_SEARCH_USER_PATHS = NO;
				CLANG_ANALYZER_NONNULL = YES;
				CLANG_ANALYZER_NUMBER_OBJECT_CONVERSION = YES_AGGRESSIVE;
				CLANG_CXX_LANGUAGE_STANDARD = "gnu++14";
				CLANG_CXX_LIBRARY = "libc++";
				CLANG_ENABLE_MODULES = YES;
				CLANG_ENABLE_OBJC_ARC = YES;
				CLANG_ENABLE_OBJC_WEAK = YES;
				CLANG_WARN_BLOCK_CAPTURE_AUTORELEASING = YES;
				CLANG_WARN_BOOL_CONVERSION = YES;
				CLANG_WARN_COMMA = YES;
				CLANG_WARN_CONSTANT_CONVERSION = YES;
				CLANG_WARN_DEPRECATED_OBJC_IMPLEMENTATIONS = YES;
				CLANG_WARN_DIRECT_OBJC_ISA_USAGE = YES_ERROR;
				CLANG_WARN_DOCUMENTATION_COMMENTS = YES;
				CLANG_WARN_EMPTY_BODY = YES;
				CLANG_WARN_ENUM_CONVERSION = YES;
				CLANG_WARN_INFINITE_RECURSION = YES;
				CLANG_WARN_INT_CONVERSION = YES;
				CLANG_WARN_NON_LITERAL_NULL_CONVERSION = YES;
				CLANG_WARN_OBJC_IMPLICIT_RETAIN_SELF = YES;
				CLANG_WARN_OBJC_LITERAL_CONVERSION = YES;
				CLANG_WARN_OBJC_ROOT_CLASS = YES_ERROR;
				CLANG_WARN_QUOTED_INCLUDE_IN_FRAMEWORK_HEADER = YES;
				CLANG_WARN_RANGE_LOOP_ANALYSIS = YES;
				CLANG_WARN_STRICT_PROTOTYPES = YES;
				CLANG_WARN_SUSPICIOUS_MOVE = YES;
				CLANG_WARN_UNGUARDED_AVAILABILITY = YES_AGGRESSIVE;
				CLANG_WARN_UNREACHABLE_CODE = YES;
				CLANG_WARN__DUPLICATE_METHOD_MATCH = YES;
				COPY_PHASE_STRIP = NO;
				DEBUG_INFORMATION_FORMAT = "dwarf-with-dsym";
				ENABLE_NS_ASSERTIONS = NO;
				ENABLE_STRICT_OBJC_MSGSEND = YES;
				GCC_C_LANGUAGE_STANDARD = gnu11;
				GCC_NO_COMMON_BLOCKS = YES;
				GCC_WARN_64_TO_32_BIT_CONVERSION = YES;
				GCC_WARN_ABOUT_RETURN_TYPE = YES_ERROR;
				GCC_WARN_UNDECLARED_SELECTOR = YES;
				GCC_WARN_UNINITIALIZED_AUTOS = YES_AGGRESSIVE;
				GCC_WARN_UNUSED_FUNCTION = YES;
				GCC_WARN_UNUSED_VARIABLE = YES;
				IPHONEOS_DEPLOYMENT_TARGET = 14.5;
				MTL_ENABLE_DEBUG_INFO = NO;
				MTL_FAST_MATH = YES;
				SDKROOT = iphoneos;
				SWIFT_COMPILATION_MODE = wholemodule;
				SWIFT_OPTIMIZATION_LEVEL = "-O";
				VALIDATE_PRODUCT = YES;
			};
			name = Release;
		};
		EE06259726DA2B7700FCF3DB /* Debug */ = {
			isa = XCBuildConfiguration;
			buildSettings = {
				ASSETCATALOG_COMPILER_APPICON_NAME = AppIcon;
				ASSETCATALOG_COMPILER_GLOBAL_ACCENT_COLOR_NAME = AccentColor;
				CODE_SIGN_STYLE = Automatic;
				DEVELOPMENT_TEAM = 9C3YYD2ZUU;
				INFOPLIST_FILE = checkbox/Info.plist;
				LD_RUNPATH_SEARCH_PATHS = (
					"$(inherited)",
					"@executable_path/Frameworks",
				);
				PRODUCT_BUNDLE_IDENTIFIER = ZhingelStas.checkbox;
				PRODUCT_NAME = "$(TARGET_NAME)";
				SWIFT_VERSION = 5.0;
				TARGETED_DEVICE_FAMILY = "1,2";
			};
			name = Debug;
		};
		EE06259826DA2B7700FCF3DB /* Release */ = {
			isa = XCBuildConfiguration;
			buildSettings = {
				ASSETCATALOG_COMPILER_APPICON_NAME = AppIcon;
				ASSETCATALOG_COMPILER_GLOBAL_ACCENT_COLOR_NAME = AccentColor;
				CODE_SIGN_STYLE = Automatic;
				DEVELOPMENT_TEAM = 9C3YYD2ZUU;
				INFOPLIST_FILE = checkbox/Info.plist;
				LD_RUNPATH_SEARCH_PATHS = (
					"$(inherited)",
					"@executable_path/Frameworks",
				);
				PRODUCT_BUNDLE_IDENTIFIER = ZhingelStas.checkbox;
				PRODUCT_NAME = "$(TARGET_NAME)";
				SWIFT_VERSION = 5.0;
				TARGETED_DEVICE_FAMILY = "1,2";
			};
			name = Release;
		};
/* End XCBuildConfiguration section */

/* Begin XCConfigurationList section */
		EE06257D26DA2B7600FCF3DB /* Build configuration list for PBXProject "checkbox" */ = {
			isa = XCConfigurationList;
			buildConfigurations = (
				EE06259426DA2B7700FCF3DB /* Debug */,
				EE06259526DA2B7700FCF3DB /* Release */,
			);
			defaultConfigurationIsVisible = 0;
			defaultConfigurationName = Release;
		};
		EE06259626DA2B7700FCF3DB /* Build configuration list for PBXNativeTarget "checkbox" */ = {
			isa = XCConfigurationList;
			buildConfigurations = (
				EE06259726DA2B7700FCF3DB /* Debug */,
				EE06259826DA2B7700FCF3DB /* Release */,
			);
			defaultConfigurationIsVisible = 0;
			defaultConfigurationName = Release;
		};
/* End XCConfigurationList section */
	};
	rootObject = EE06257A26DA2B7600FCF3DB /* Project object */;
}
